
Microsoft Visual Studio Solution File, Format Version 12.00
# Visual Studio Version 17
VisualStudioVersion = 17.9.34728.123
MinimumVisualStudioVersion = 10.0.40219.1
Project("{FAE04EC0-301F-11D3-BF4B-00C04F79EFBC}") = "SONT.WEB", "SONT.WEB.csproj", "{2DE4BBF6-C971-4FA3-BDC5-CD7B6BB7F2BC}"
EndProject
Global
	GlobalSection(SolutionConfigurationPlatforms) = preSolution
		Debug|Any CPU = Debug|Any CPU
		Release|Any CPU = Release|Any CPU
	EndGlobalSection
	GlobalSection(ProjectConfigurationPlatforms) = postSolution
		{2DE4BBF6-C971-4FA3-BDC5-CD7B6BB7F2BC}.Debug|Any CPU.ActiveCfg = Debug|Any CPU
		{2DE4BBF6-C971-4FA3-BDC5-CD7B6BB7F2BC}.Debug|Any CPU.Build.0 = Debug|Any CPU
		{2DE4BBF6-C971-4FA3-BDC5-CD7B6BB7F2BC}.Release|Any CPU.ActiveCfg = Release|Any CPU
		{2DE4BBF6-C971-4FA3-BDC5-CD7B6BB7F2BC}.Release|Any CPU.Build.0 = Release|Any CPU
	EndGlobalSection
	GlobalSection(SolutionProperties) = preSolution
		HideSolutionNode = FALSE
	EndGlobalSection
	GlobalSection(ExtensibilityGlobals) = postSolution
		SolutionGuid = {415E47AB-ECF1-41F0-8F6E-82E830DDB24A}
	EndGlobalSection
EndGlobal
